{
  "version": 4,
  "terraform_version": "0.14.4",
  "serial": 64,
  "lineage": "b1950b13-6423-fa20-7bef-cd8bb6d3b458",
  "outputs": {
    "key_name": {
      "value": "TEST",
      "type": "string"
    },
    "private_ip": {
      "value": "10.0.2.73",
      "type": "string"
    },
    "public_ip": {
      "value": "54.90.204.183",
      "type": "string"
    },
    "ssh_keypair": {
      "value": "-----BEGIN RSA PRIVATE KEY-----\nMIIEpAIBAAKCAQEA8MZa3WeA2LfinC9jZg7p/w2Ipg0X7ph8NXU4tUr4F6tXsW/t\nMZ4uStLlW2tZf1LgPqe+3YRVE0d2r6yPc9fxY+tT2qqGgxv70GZlwn4Vc6oXrtcr\noO5TeBUZf/LiXFV2Nm8vx/CX/QoUiT1FOMv61fAY+YmlWfejvz1FlBKG5ig92JwR\nPyIGPDaPUr287jP2dDBeZdtkUk3mBtmNFU0brzh2830NJv47ZLNrqxHAEP8GBE6S\nXD6mYmFOHucO9D2dMAy1tKnwCTpXzB0cNxAVbTJj989YW6QBjQcf4ldTkWO6HGs4\nKWwRfvMt2c9ZSpFIaV3wwMg3qMRic628cqHicwIDAQABAoIBAB51yZsG9Br2sHl3\n2UhZDKtSp/3x3Bw4OEZ/DOyKjnZYG+D7uvMzAsI+ifuVyh28e1gR2qiljCnDObWh\nzAgowoYUiGg6eIfvq1zDB46ias5WL2bUG9XhMLgZWz9/l7l8qlbanB3cRy4g71Yp\nZS95RsN3+4DeNAf8tz+DXeEMsvo80Dy0R7osI3wzFQk5r2ncGP7tOaXIdfSAXSXF\nxX9yXyDdfvLdRSwTwHQEu+VLG3tmmrLbCeLALlbSDKiQbZwa5yNIJ+Wvq0sfbqsW\nmnEPSfCTak37IpjE7eNCAnn6h5Npn+BX/gJv6NjCgepbxvzw0nyX8C1XC+pw6Gno\nJK3y9JkCgYEA+UJ2oG0CVDvMLsq++u+LnV52S4B3to2+FK0MCCuaHe55qNIFNFiz\n4Aae5nCS8YYhGNJ5VOJB75jbSfTP8YD9/ebGjjtO6JwMCaqoTdSCesBOE3PJxxzY\nR+OldsxKa0QBQfjQOgBV5WcyfH95f/BHyDYUaaInysyyyvhSwMv5As8CgYEA90kn\nfwKax/HS+weOWKgvx0CzWxX8dy2/15VtszDIH8WaxxRmhhtchuk0mqf8DN38FxSR\n3/T/nRj9EAh2dRfWUxt5fzM3fYlxEUGfHzshuHHgDqSlHwD+tqkrI+I9Jp0SVb5F\ni6/OCP76gRizXURuoeewA+Jo7n8anLyUvEnynx0CgYEAlN7TRwGUUIbeblv9MJZ9\nhmHyuSljVo7VpjesZfzUsWfLFb9KCHeqBvUtVmiJ+uKnRdH/UWlJBDcBUex7fbwS\n9uAsWqqleFwq/GMG3mU8AOB2QTv4mYlqy5T1MDzXfbVCIwreIqYspzS5fI4OHRF/\nbd6O1oBYz9DuQDeMBUZN1RUCgYBn6xkq+dg70DcegSVjwoIZlOoKjCnFl7c4DLbG\nB+kB2RPbN4qCLvtqQpR1rcRxT9RBisZmvFmzFi46z6OgP300/aXIO6jFG74lR1Ns\nV3grP8etv6kYZ12jO2JCuS+Di5yJ5eTp9954z1ZMbCnsNvbbGTdR2pLILyfq2CEV\nI2pPTQKBgQDPyiLxwnjUjGQa+pKRcuXTrxK02Z0HMYsDRp+4AeJxKi0BiRaxad30\nFBwQrq5aW13FAbPu5IxhK7bTLun2kG5yPAvbP+ON+7L4yfnM44RxAUXhHXIaYwD2\nGYE9dD2TtAKum6ECTtD/xs9c0L+mOr3my6/s8sxs4wQhdQGjHUvl2g==\n-----END RSA PRIVATE KEY-----\n",
      "type": "string",
      "sensitive": true
    }
  },
  "resources": [
    {
      "mode": "managed",
      "type": "aws_instance",
      "name": "ec2_private",
      "provider": "provider[\"registry.terraform.io/hashicorp/aws\"]",
      "instances": [
        {
          "schema_version": 1,
          "attributes": {
            "ami": "ami-0022f774911c1d690",
            "arn": "arn:aws:ec2:us-east-1:202467142321:instance/i-0d36e7d99522714ce",
            "associate_public_ip_address": false,
            "availability_zone": "us-east-1b",
            "capacity_reservation_specification": [
              {
                "capacity_reservation_preference": "open",
                "capacity_reservation_target": []
              }
            ],
            "cpu_core_count": 1,
            "cpu_threads_per_core": 1,
            "credit_specification": [
              {
                "cpu_credits": "standard"
              }
            ],
            "disable_api_termination": false,
            "ebs_block_device": [],
            "ebs_optimized": false,
            "enclave_options": [
              {
                "enabled": false
              }
            ],
            "ephemeral_block_device": [],
            "get_password_data": false,
            "hibernation": false,
            "host_id": null,
            "iam_instance_profile": "",
            "id": "i-0d36e7d99522714ce",
            "instance_initiated_shutdown_behavior": "stop",
            "instance_state": "running",
            "instance_type": "t2.micro",
            "ipv6_address_count": 0,
            "ipv6_addresses": [],
            "key_name": "TEST",
            "launch_template": [],
            "maintenance_options": [
              {
                "auto_recovery": "default"
              }
            ],
            "metadata_options": [
              {
                "http_endpoint": "enabled",
                "http_put_response_hop_limit": 1,
                "http_tokens": "optional",
                "instance_metadata_tags": "disabled"
              }
            ],
            "monitoring": false,
            "network_interface": [],
            "outpost_arn": "",
            "password_data": "",
            "placement_group": "",
            "placement_partition_number": null,
            "primary_network_interface_id": "eni-0d2e99c225d021ff0",
            "private_dns": "ip-10-0-2-73.ec2.internal",
            "private_ip": "10.0.2.73",
            "public_dns": "",
            "public_ip": "",
            "root_block_device": [
              {
                "delete_on_termination": true,
                "device_name": "/dev/xvda",
                "encrypted": false,
                "iops": 100,
                "kms_key_id": "",
                "tags": {},
                "throughput": 0,
                "volume_id": "vol-0d0f9eaf28d2c5686",
                "volume_size": 8,
                "volume_type": "gp2"
              }
            ],
            "secondary_private_ips": [],
            "security_groups": [
              "sg-0f16dd1aefb35cc01"
            ],
            "source_dest_check": true,
            "subnet_id": "subnet-0578a281f7de35c70",
            "tags": {
              "Name": "EC2-Private"
            },
            "tags_all": {
              "Name": "EC2-Private"
            },
            "tenancy": "default",
            "timeouts": null,
            "user_data": null,
            "user_data_base64": null,
            "user_data_replace_on_change": false,
            "volume_tags": null,
            "vpc_security_group_ids": [
              "sg-0f16dd1aefb35cc01"
            ]
          },
          "sensitive_attributes": [],
          "private": "eyJlMmJmYjczMC1lY2FhLTExZTYtOGY4OC0zNDM2M2JjN2M0YzAiOnsiY3JlYXRlIjo2MDAwMDAwMDAwMDAsImRlbGV0ZSI6MTIwMDAwMDAwMDAwMCwidXBkYXRlIjo2MDAwMDAwMDAwMDB9LCJzY2hlbWFfdmVyc2lvbiI6IjEifQ==",
          "dependencies": [
            "aws_security_group.ssh-security-group",
            "aws_security_group.webserver-security-group",
            "aws_subnet.private-subnet-1",
            "aws_vpc.vpc"
          ],
          "create_before_destroy": true
        }
      ]
    },
    {
      "mode": "managed",
      "type": "aws_instance",
      "name": "ec2_public",
      "provider": "provider[\"registry.terraform.io/hashicorp/aws\"]",
      "instances": [
        {
          "schema_version": 1,
          "attributes": {
            "ami": "ami-0022f774911c1d690",
            "arn": "arn:aws:ec2:us-east-1:202467142321:instance/i-016d6e1ddaf4951a9",
            "associate_public_ip_address": true,
            "availability_zone": "us-east-1a",
            "capacity_reservation_specification": [
              {
                "capacity_reservation_preference": "open",
                "capacity_reservation_target": []
              }
            ],
            "cpu_core_count": 1,
            "cpu_threads_per_core": 1,
            "credit_specification": [
              {
                "cpu_credits": "standard"
              }
            ],
            "disable_api_termination": false,
            "ebs_block_device": [],
            "ebs_optimized": false,
            "enclave_options": [
              {
                "enabled": false
              }
            ],
            "ephemeral_block_device": [],
            "get_password_data": false,
            "hibernation": false,
            "host_id": null,
            "iam_instance_profile": "",
            "id": "i-016d6e1ddaf4951a9",
            "instance_initiated_shutdown_behavior": "stop",
            "instance_state": "running",
            "instance_type": "t2.micro",
            "ipv6_address_count": 0,
            "ipv6_addresses": [],
            "key_name": "TEST",
            "launch_template": [],
            "maintenance_options": [
              {
                "auto_recovery": "default"
              }
            ],
            "metadata_options": [
              {
                "http_endpoint": "enabled",
                "http_put_response_hop_limit": 1,
                "http_tokens": "optional",
                "instance_metadata_tags": "disabled"
              }
            ],
            "monitoring": false,
            "network_interface": [],
            "outpost_arn": "",
            "password_data": "",
            "placement_group": "",
            "placement_partition_number": null,
            "primary_network_interface_id": "eni-04564ac7de393700a",
            "private_dns": "ip-10-0-0-177.ec2.internal",
            "private_ip": "10.0.0.177",
            "public_dns": "ec2-54-90-204-183.compute-1.amazonaws.com",
            "public_ip": "54.90.204.183",
            "root_block_device": [
              {
                "delete_on_termination": true,
                "device_name": "/dev/xvda",
                "encrypted": false,
                "iops": 100,
                "kms_key_id": "",
                "tags": {},
                "throughput": 0,
                "volume_id": "vol-0a4be8fa5b0d56782",
                "volume_size": 8,
                "volume_type": "gp2"
              }
            ],
            "secondary_private_ips": [],
            "security_groups": [
              "sg-065c2fd15013be09b"
            ],
            "source_dest_check": true,
            "subnet_id": "subnet-0fa0cef59f9907454",
            "tags": {
              "Name": "EC2-PUBLIC"
            },
            "tags_all": {
              "Name": "EC2-PUBLIC"
            },
            "tenancy": "default",
            "timeouts": null,
            "user_data": null,
            "user_data_base64": null,
            "user_data_replace_on_change": false,
            "volume_tags": null,
            "vpc_security_group_ids": [
              "sg-065c2fd15013be09b"
            ]
          },
          "sensitive_attributes": [],
          "private": "eyJlMmJmYjczMC1lY2FhLTExZTYtOGY4OC0zNDM2M2JjN2M0YzAiOnsiY3JlYXRlIjo2MDAwMDAwMDAwMDAsImRlbGV0ZSI6MTIwMDAwMDAwMDAwMCwidXBkYXRlIjo2MDAwMDAwMDAwMDB9LCJzY2hlbWFfdmVyc2lvbiI6IjEifQ==",
          "dependencies": [
            "aws_security_group.ssh-security-group",
            "aws_subnet.public-subnet-1",
            "aws_vpc.vpc"
          ],
          "create_before_destroy": true
        }
      ]
    },
    {
      "mode": "managed",
      "type": "aws_internet_gateway",
      "name": "internet-gateway",
      "provider": "provider[\"registry.terraform.io/hashicorp/aws\"]",
      "instances": [
        {
          "schema_version": 0,
          "attributes": {
            "arn": "arn:aws:ec2:us-east-1:202467142321:internet-gateway/igw-08dc5b8794fc01c96",
            "id": "igw-08dc5b8794fc01c96",
            "owner_id": "202467142321",
            "tags": {
              "Name": "internet_gateway"
            },
            "tags_all": {
              "Name": "internet_gateway"
            },
            "vpc_id": "vpc-0af0537bccc8b0f25"
          },
          "sensitive_attributes": [],
          "private": "bnVsbA==",
          "dependencies": [
            "aws_vpc.vpc"
          ]
        }
      ]
    },
    {
      "mode": "managed",
      "type": "aws_key_pair",
      "name": "key_pair",
      "provider": "provider[\"registry.terraform.io/hashicorp/aws\"]",
      "instances": [
        {
          "schema_version": 1,
          "attributes": {
            "arn": "arn:aws:ec2:us-east-1:202467142321:key-pair/TEST",
            "fingerprint": "07:e7:19:f9:81:7b:d4:d5:a1:7a:2b:6d:fb:4f:c5:5a",
            "id": "TEST",
            "key_name": "TEST",
            "key_name_prefix": "",
            "key_pair_id": "key-03b304e662d5dbc38",
            "public_key": "ssh-rsa AAAAB3NzaC1yc2EAAAADAQABAAABAQDwxlrdZ4DYt+KcL2NmDun/DYimDRfumHw1dTi1SvgXq1exb+0xni5K0uVba1l/UuA+p77dhFUTR3avrI9z1/Fj61PaqoaDG/vQZmXCfhVzqheu1yug7lN4FRl/8uJcVXY2by/H8Jf9ChSJPUU4y/rV8Bj5iaVZ96O/PUWUEobmKD3YnBE/IgY8No9SvbzuM/Z0MF5l22RSTeYG2Y0VTRuvOHbzfQ0m/jtks2urEcAQ/wYETpJcPqZiYU4e5w70PZ0wDLW0qfAJOlfMHRw3EBVtMmP3z1hbpAGNBx/iV1ORY7ocazgpbBF+8y3Zz1lKkUhpXfDAyDeoxGJzrbxyoeJz",
            "tags": null,
            "tags_all": {}
          },
          "sensitive_attributes": [],
          "private": "eyJzY2hlbWFfdmVyc2lvbiI6IjEifQ==",
          "dependencies": [
            "tls_private_key.key"
          ]
        }
      ]
    },
    {
      "mode": "managed",
      "type": "aws_route_table",
      "name": "public-route-table",
      "provider": "provider[\"registry.terraform.io/hashicorp/aws\"]",
      "instances": [
        {
          "schema_version": 0,
          "attributes": {
            "arn": "arn:aws:ec2:us-east-1:202467142321:route-table/rtb-0fe15e101ea873417",
            "id": "rtb-0fe15e101ea873417",
            "owner_id": "202467142321",
            "propagating_vgws": [],
            "route": [
              {
                "carrier_gateway_id": "",
                "cidr_block": "0.0.0.0/0",
                "core_network_arn": "",
                "destination_prefix_list_id": "",
                "egress_only_gateway_id": "",
                "gateway_id": "igw-08dc5b8794fc01c96",
                "instance_id": "",
                "ipv6_cidr_block": "",
                "local_gateway_id": "",
                "nat_gateway_id": "",
                "network_interface_id": "",
                "transit_gateway_id": "",
                "vpc_endpoint_id": "",
                "vpc_peering_connection_id": ""
              }
            ],
            "tags": {
              "Name": "Public Route Table"
            },
            "tags_all": {
              "Name": "Public Route Table"
            },
            "timeouts": null,
            "vpc_id": "vpc-0af0537bccc8b0f25"
          },
          "sensitive_attributes": [],
          "private": "eyJlMmJmYjczMC1lY2FhLTExZTYtOGY4OC0zNDM2M2JjN2M0YzAiOnsiY3JlYXRlIjozMDAwMDAwMDAwMDAsImRlbGV0ZSI6MzAwMDAwMDAwMDAwLCJ1cGRhdGUiOjEyMDAwMDAwMDAwMH19",
          "dependencies": [
            "aws_internet_gateway.internet-gateway",
            "aws_vpc.vpc"
          ]
        }
      ]
    },
    {
      "mode": "managed",
      "type": "aws_route_table_association",
      "name": "public-subnet-1-route-table-association",
      "provider": "provider[\"registry.terraform.io/hashicorp/aws\"]",
      "instances": [
        {
          "schema_version": 0,
          "attributes": {
            "gateway_id": "",
            "id": "rtbassoc-081c835e8caf28a72",
            "route_table_id": "rtb-0fe15e101ea873417",
            "subnet_id": "subnet-0fa0cef59f9907454"
          },
          "sensitive_attributes": [],
          "private": "bnVsbA==",
          "dependencies": [
            "aws_internet_gateway.internet-gateway",
            "aws_route_table.public-route-table",
            "aws_subnet.public-subnet-1",
            "aws_vpc.vpc"
          ]
        }
      ]
    },
    {
      "mode": "managed",
      "type": "aws_security_group",
      "name": "ssh-security-group",
      "provider": "provider[\"registry.terraform.io/hashicorp/aws\"]",
      "instances": [
        {
          "schema_version": 1,
          "attributes": {
            "arn": "arn:aws:ec2:us-east-1:202467142321:security-group/sg-065c2fd15013be09b",
            "description": "Enable SSH access on Port 22",
            "egress": [
              {
                "cidr_blocks": [
                  "0.0.0.0/0"
                ],
                "description": "",
                "from_port": 0,
                "ipv6_cidr_blocks": [],
                "prefix_list_ids": [],
                "protocol": "-1",
                "security_groups": [],
                "self": false,
                "to_port": 0
              }
            ],
            "id": "sg-065c2fd15013be09b",
            "ingress": [
              {
                "cidr_blocks": [
                  "0.0.0.0/0"
                ],
                "description": "SSH Access",
                "from_port": 22,
                "ipv6_cidr_blocks": [],
                "prefix_list_ids": [],
                "protocol": "tcp",
                "security_groups": [],
                "self": false,
                "to_port": 22
              }
            ],
            "name": "SSH Security Group",
            "name_prefix": "",
            "owner_id": "202467142321",
            "revoke_rules_on_delete": false,
            "tags": {
              "Name": "SSH Security Group"
            },
            "tags_all": {
              "Name": "SSH Security Group"
            },
            "timeouts": null,
            "vpc_id": "vpc-0af0537bccc8b0f25"
          },
          "sensitive_attributes": [],
          "private": "eyJlMmJmYjczMC1lY2FhLTExZTYtOGY4OC0zNDM2M2JjN2M0YzAiOnsiY3JlYXRlIjo2MDAwMDAwMDAwMDAsImRlbGV0ZSI6OTAwMDAwMDAwMDAwfSwic2NoZW1hX3ZlcnNpb24iOiIxIn0=",
          "dependencies": [
            "aws_vpc.vpc"
          ],
          "create_before_destroy": true
        }
      ]
    },
    {
      "mode": "managed",
      "type": "aws_security_group",
      "name": "webserver-security-group",
      "provider": "provider[\"registry.terraform.io/hashicorp/aws\"]",
      "instances": [
        {
          "schema_version": 1,
          "attributes": {
            "arn": "arn:aws:ec2:us-east-1:202467142321:security-group/sg-0f16dd1aefb35cc01",
            "description": "Enable HTTP/HTTPS access on Port 80/443 via ALB and SSH access on Port 22 via SSH SG",
            "egress": [
              {
                "cidr_blocks": [
                  "0.0.0.0/0"
                ],
                "description": "",
                "from_port": 0,
                "ipv6_cidr_blocks": [],
                "prefix_list_ids": [],
                "protocol": "-1",
                "security_groups": [],
                "self": false,
                "to_port": 0
              }
            ],
            "id": "sg-0f16dd1aefb35cc01",
            "ingress": [
              {
                "cidr_blocks": [],
                "description": "SSH Access",
                "from_port": 22,
                "ipv6_cidr_blocks": [],
                "prefix_list_ids": [],
                "protocol": "tcp",
                "security_groups": [
                  "sg-065c2fd15013be09b"
                ],
                "self": false,
                "to_port": 22
              }
            ],
            "name": "Web Server Security Group",
            "name_prefix": "",
            "owner_id": "202467142321",
            "revoke_rules_on_delete": false,
            "tags": {
              "Name": "Web Server Security Group"
            },
            "tags_all": {
              "Name": "Web Server Security Group"
            },
            "timeouts": null,
            "vpc_id": "vpc-0af0537bccc8b0f25"
          },
          "sensitive_attributes": [],
          "private": "eyJlMmJmYjczMC1lY2FhLTExZTYtOGY4OC0zNDM2M2JjN2M0YzAiOnsiY3JlYXRlIjo2MDAwMDAwMDAwMDAsImRlbGV0ZSI6OTAwMDAwMDAwMDAwfSwic2NoZW1hX3ZlcnNpb24iOiIxIn0=",
          "dependencies": [
            "aws_security_group.ssh-security-group",
            "aws_vpc.vpc"
          ],
          "create_before_destroy": true
        }
      ]
    },
    {
      "mode": "managed",
      "type": "aws_subnet",
      "name": "private-subnet-1",
      "provider": "provider[\"registry.terraform.io/hashicorp/aws\"]",
      "instances": [
        {
          "schema_version": 1,
          "attributes": {
            "arn": "arn:aws:ec2:us-east-1:202467142321:subnet/subnet-0578a281f7de35c70",
            "assign_ipv6_address_on_creation": false,
            "availability_zone": "us-east-1b",
            "availability_zone_id": "use1-az6",
            "cidr_block": "10.0.2.0/24",
            "customer_owned_ipv4_pool": "",
            "enable_dns64": false,
            "enable_resource_name_dns_a_record_on_launch": false,
            "enable_resource_name_dns_aaaa_record_on_launch": false,
            "id": "subnet-0578a281f7de35c70",
            "ipv6_cidr_block": "",
            "ipv6_cidr_block_association_id": "",
            "ipv6_native": false,
            "map_customer_owned_ip_on_launch": false,
            "map_public_ip_on_launch": false,
            "outpost_arn": "",
            "owner_id": "202467142321",
            "private_dns_hostname_type_on_launch": "ip-name",
            "tags": {
              "Name": "private-subnet-1"
            },
            "tags_all": {
              "Name": "private-subnet-1"
            },
            "timeouts": null,
            "vpc_id": "vpc-0af0537bccc8b0f25"
          },
          "sensitive_attributes": [],
          "private": "eyJlMmJmYjczMC1lY2FhLTExZTYtOGY4OC0zNDM2M2JjN2M0YzAiOnsiY3JlYXRlIjo2MDAwMDAwMDAwMDAsImRlbGV0ZSI6MTIwMDAwMDAwMDAwMH0sInNjaGVtYV92ZXJzaW9uIjoiMSJ9",
          "dependencies": [
            "aws_vpc.vpc"
          ],
          "create_before_destroy": true
        }
      ]
    },
    {
      "mode": "managed",
      "type": "aws_subnet",
      "name": "public-subnet-1",
      "provider": "provider[\"registry.terraform.io/hashicorp/aws\"]",
      "instances": [
        {
          "schema_version": 1,
          "attributes": {
            "arn": "arn:aws:ec2:us-east-1:202467142321:subnet/subnet-0fa0cef59f9907454",
            "assign_ipv6_address_on_creation": false,
            "availability_zone": "us-east-1a",
            "availability_zone_id": "use1-az4",
            "cidr_block": "10.0.0.0/24",
            "customer_owned_ipv4_pool": "",
            "enable_dns64": false,
            "enable_resource_name_dns_a_record_on_launch": false,
            "enable_resource_name_dns_aaaa_record_on_launch": false,
            "id": "subnet-0fa0cef59f9907454",
            "ipv6_cidr_block": "",
            "ipv6_cidr_block_association_id": "",
            "ipv6_native": false,
            "map_customer_owned_ip_on_launch": false,
            "map_public_ip_on_launch": true,
            "outpost_arn": "",
            "owner_id": "202467142321",
            "private_dns_hostname_type_on_launch": "ip-name",
            "tags": {
              "Name": "public-subnet-1"
            },
            "tags_all": {
              "Name": "public-subnet-1"
            },
            "timeouts": null,
            "vpc_id": "vpc-0af0537bccc8b0f25"
          },
          "sensitive_attributes": [],
          "private": "eyJlMmJmYjczMC1lY2FhLTExZTYtOGY4OC0zNDM2M2JjN2M0YzAiOnsiY3JlYXRlIjo2MDAwMDAwMDAwMDAsImRlbGV0ZSI6MTIwMDAwMDAwMDAwMH0sInNjaGVtYV92ZXJzaW9uIjoiMSJ9",
          "dependencies": [
            "aws_vpc.vpc"
          ],
          "create_before_destroy": true
        }
      ]
    },
    {
      "mode": "managed",
      "type": "aws_vpc",
      "name": "vpc",
      "provider": "provider[\"registry.terraform.io/hashicorp/aws\"]",
      "instances": [
        {
          "schema_version": 1,
          "attributes": {
            "arn": "arn:aws:ec2:us-east-1:202467142321:vpc/vpc-0af0537bccc8b0f25",
            "assign_generated_ipv6_cidr_block": false,
            "cidr_block": "10.0.0.0/16",
            "default_network_acl_id": "acl-05580101c23cb1925",
            "default_route_table_id": "rtb-0edf628152f24c99b",
            "default_security_group_id": "sg-016a2419b6fc8859e",
            "dhcp_options_id": "dopt-c736a4a3",
            "enable_classiclink": false,
            "enable_classiclink_dns_support": false,
            "enable_dns_hostnames": true,
            "enable_dns_support": true,
            "id": "vpc-0af0537bccc8b0f25",
            "instance_tenancy": "default",
            "ipv4_ipam_pool_id": null,
            "ipv4_netmask_length": null,
            "ipv6_association_id": "",
            "ipv6_cidr_block": "",
            "ipv6_cidr_block_network_border_group": "",
            "ipv6_ipam_pool_id": "",
            "ipv6_netmask_length": 0,
            "main_route_table_id": "rtb-0edf628152f24c99b",
            "owner_id": "202467142321",
            "tags": {
              "Name": "Test_VPC"
            },
            "tags_all": {
              "Name": "Test_VPC"
            }
          },
          "sensitive_attributes": [],
          "private": "eyJzY2hlbWFfdmVyc2lvbiI6IjEifQ==",
          "create_before_destroy": true
        }
      ]
    },
    {
      "mode": "managed",
      "type": "local_file",
      "name": "private_key",
      "provider": "provider[\"registry.terraform.io/hashicorp/local\"]",
      "instances": [
        {
          "schema_version": 0,
          "attributes": {
            "content": null,
            "content_base64": null,
            "directory_permission": "0777",
            "file_permission": "0400",
            "filename": "TEST.pem",
            "id": "333daf2ec578d5838049176ffaaf32fff3e37382",
            "sensitive_content": "-----BEGIN RSA PRIVATE KEY-----\nMIIEpAIBAAKCAQEA8MZa3WeA2LfinC9jZg7p/w2Ipg0X7ph8NXU4tUr4F6tXsW/t\nMZ4uStLlW2tZf1LgPqe+3YRVE0d2r6yPc9fxY+tT2qqGgxv70GZlwn4Vc6oXrtcr\noO5TeBUZf/LiXFV2Nm8vx/CX/QoUiT1FOMv61fAY+YmlWfejvz1FlBKG5ig92JwR\nPyIGPDaPUr287jP2dDBeZdtkUk3mBtmNFU0brzh2830NJv47ZLNrqxHAEP8GBE6S\nXD6mYmFOHucO9D2dMAy1tKnwCTpXzB0cNxAVbTJj989YW6QBjQcf4ldTkWO6HGs4\nKWwRfvMt2c9ZSpFIaV3wwMg3qMRic628cqHicwIDAQABAoIBAB51yZsG9Br2sHl3\n2UhZDKtSp/3x3Bw4OEZ/DOyKjnZYG+D7uvMzAsI+ifuVyh28e1gR2qiljCnDObWh\nzAgowoYUiGg6eIfvq1zDB46ias5WL2bUG9XhMLgZWz9/l7l8qlbanB3cRy4g71Yp\nZS95RsN3+4DeNAf8tz+DXeEMsvo80Dy0R7osI3wzFQk5r2ncGP7tOaXIdfSAXSXF\nxX9yXyDdfvLdRSwTwHQEu+VLG3tmmrLbCeLALlbSDKiQbZwa5yNIJ+Wvq0sfbqsW\nmnEPSfCTak37IpjE7eNCAnn6h5Npn+BX/gJv6NjCgepbxvzw0nyX8C1XC+pw6Gno\nJK3y9JkCgYEA+UJ2oG0CVDvMLsq++u+LnV52S4B3to2+FK0MCCuaHe55qNIFNFiz\n4Aae5nCS8YYhGNJ5VOJB75jbSfTP8YD9/ebGjjtO6JwMCaqoTdSCesBOE3PJxxzY\nR+OldsxKa0QBQfjQOgBV5WcyfH95f/BHyDYUaaInysyyyvhSwMv5As8CgYEA90kn\nfwKax/HS+weOWKgvx0CzWxX8dy2/15VtszDIH8WaxxRmhhtchuk0mqf8DN38FxSR\n3/T/nRj9EAh2dRfWUxt5fzM3fYlxEUGfHzshuHHgDqSlHwD+tqkrI+I9Jp0SVb5F\ni6/OCP76gRizXURuoeewA+Jo7n8anLyUvEnynx0CgYEAlN7TRwGUUIbeblv9MJZ9\nhmHyuSljVo7VpjesZfzUsWfLFb9KCHeqBvUtVmiJ+uKnRdH/UWlJBDcBUex7fbwS\n9uAsWqqleFwq/GMG3mU8AOB2QTv4mYlqy5T1MDzXfbVCIwreIqYspzS5fI4OHRF/\nbd6O1oBYz9DuQDeMBUZN1RUCgYBn6xkq+dg70DcegSVjwoIZlOoKjCnFl7c4DLbG\nB+kB2RPbN4qCLvtqQpR1rcRxT9RBisZmvFmzFi46z6OgP300/aXIO6jFG74lR1Ns\nV3grP8etv6kYZ12jO2JCuS+Di5yJ5eTp9954z1ZMbCnsNvbbGTdR2pLILyfq2CEV\nI2pPTQKBgQDPyiLxwnjUjGQa+pKRcuXTrxK02Z0HMYsDRp+4AeJxKi0BiRaxad30\nFBwQrq5aW13FAbPu5IxhK7bTLun2kG5yPAvbP+ON+7L4yfnM44RxAUXhHXIaYwD2\nGYE9dD2TtAKum6ECTtD/xs9c0L+mOr3my6/s8sxs4wQhdQGjHUvl2g==\n-----END RSA PRIVATE KEY-----\n",
            "source": null
          },
          "sensitive_attributes": [],
          "private": "bnVsbA==",
          "dependencies": [
            "tls_private_key.key"
          ]
        }
      ]
    },
    {
      "mode": "managed",
      "type": "tls_private_key",
      "name": "key",
      "provider": "provider[\"registry.terraform.io/hashicorp/tls\"]",
      "instances": [
        {
          "schema_version": 0,
          "attributes": {
            "algorithm": "RSA",
            "ecdsa_curve": "P224",
            "id": "e33686fac1f2908b7f8bcef8994b31e89d827af0",
            "private_key_openssh": "-----BEGIN OPENSSH PRIVATE KEY-----\nb3BlbnNzaC1rZXktdjEAAAAABG5vbmUAAAAEbm9uZQAAAAAAAAABAAABFwAAAAdz\nc2gtcnNhAAAAAwEAAQAAAQEA8MZa3WeA2LfinC9jZg7p/w2Ipg0X7ph8NXU4tUr4\nF6tXsW/tMZ4uStLlW2tZf1LgPqe+3YRVE0d2r6yPc9fxY+tT2qqGgxv70GZlwn4V\nc6oXrtcroO5TeBUZf/LiXFV2Nm8vx/CX/QoUiT1FOMv61fAY+YmlWfejvz1FlBKG\n5ig92JwRPyIGPDaPUr287jP2dDBeZdtkUk3mBtmNFU0brzh2830NJv47ZLNrqxHA\nEP8GBE6SXD6mYmFOHucO9D2dMAy1tKnwCTpXzB0cNxAVbTJj989YW6QBjQcf4ldT\nkWO6HGs4KWwRfvMt2c9ZSpFIaV3wwMg3qMRic628cqHicwAAA7i1z6C/tc+gvwAA\nAAdzc2gtcnNhAAABAQDwxlrdZ4DYt+KcL2NmDun/DYimDRfumHw1dTi1SvgXq1ex\nb+0xni5K0uVba1l/UuA+p77dhFUTR3avrI9z1/Fj61PaqoaDG/vQZmXCfhVzqheu\n1yug7lN4FRl/8uJcVXY2by/H8Jf9ChSJPUU4y/rV8Bj5iaVZ96O/PUWUEobmKD3Y\nnBE/IgY8No9SvbzuM/Z0MF5l22RSTeYG2Y0VTRuvOHbzfQ0m/jtks2urEcAQ/wYE\nTpJcPqZiYU4e5w70PZ0wDLW0qfAJOlfMHRw3EBVtMmP3z1hbpAGNBx/iV1ORY7oc\nazgpbBF+8y3Zz1lKkUhpXfDAyDeoxGJzrbxyoeJzAAAAAwEAAQAAAQAedcmbBvQa\n9rB5d9lIWQyrUqf98dwcODhGfwzsio52WBvg+7rzMwLCPon7lcodvHtYEdqopYwp\nwzm1ocwIKMKGFIhoOniH76tcwweOomrOVi9m1BvV4TC4GVs/f5e5fKpW2pwd3Ecu\nIO9WKWUveUbDd/uA3jQH/Lc/g13hDLL6PNA8tEe6LCN8MxUJOa9p3Bj+7TmlyHX0\ngF0lxcV/cl8g3X7y3UUsE8B0BLvlSxt7Zpqy2wniwC5W0gyokG2cGucjSCflr6tL\nH26rFppxD0nwk2pN+yKYxO3jQgJ5+oeTaZ/gV/4Cb+jYwoHqW8b88NJ8l/AtVwvq\ncOhp6CSt8vSZAAAAgQDPyiLxwnjUjGQa+pKRcuXTrxK02Z0HMYsDRp+4AeJxKi0B\niRaxad30FBwQrq5aW13FAbPu5IxhK7bTLun2kG5yPAvbP+ON+7L4yfnM44RxAUXh\nHXIaYwD2GYE9dD2TtAKum6ECTtD/xs9c0L+mOr3my6/s8sxs4wQhdQGjHUvl2gAA\nAIEA+UJ2oG0CVDvMLsq++u+LnV52S4B3to2+FK0MCCuaHe55qNIFNFiz4Aae5nCS\n8YYhGNJ5VOJB75jbSfTP8YD9/ebGjjtO6JwMCaqoTdSCesBOE3PJxxzYR+OldsxK\na0QBQfjQOgBV5WcyfH95f/BHyDYUaaInysyyyvhSwMv5As8AAACBAPdJJ38Cmsfx\n0vsHjlioL8dAs1sV/Hctv9eVbbMwyB/FmscUZoYbXIbpNJqn/Azd/BcUkd/0/50Y\n/RAIdnUX1lMbeX8zN32JcRFBnx87Ibhx4A6kpR8A/rapKyPiPSadElW+RYuvzgj+\n+oEYs11EbqHnsAPiaO5/Gpy8lLxJ8p8dAAAAAAEC\n-----END OPENSSH PRIVATE KEY-----\n",
            "private_key_pem": "-----BEGIN RSA PRIVATE KEY-----\nMIIEpAIBAAKCAQEA8MZa3WeA2LfinC9jZg7p/w2Ipg0X7ph8NXU4tUr4F6tXsW/t\nMZ4uStLlW2tZf1LgPqe+3YRVE0d2r6yPc9fxY+tT2qqGgxv70GZlwn4Vc6oXrtcr\noO5TeBUZf/LiXFV2Nm8vx/CX/QoUiT1FOMv61fAY+YmlWfejvz1FlBKG5ig92JwR\nPyIGPDaPUr287jP2dDBeZdtkUk3mBtmNFU0brzh2830NJv47ZLNrqxHAEP8GBE6S\nXD6mYmFOHucO9D2dMAy1tKnwCTpXzB0cNxAVbTJj989YW6QBjQcf4ldTkWO6HGs4\nKWwRfvMt2c9ZSpFIaV3wwMg3qMRic628cqHicwIDAQABAoIBAB51yZsG9Br2sHl3\n2UhZDKtSp/3x3Bw4OEZ/DOyKjnZYG+D7uvMzAsI+ifuVyh28e1gR2qiljCnDObWh\nzAgowoYUiGg6eIfvq1zDB46ias5WL2bUG9XhMLgZWz9/l7l8qlbanB3cRy4g71Yp\nZS95RsN3+4DeNAf8tz+DXeEMsvo80Dy0R7osI3wzFQk5r2ncGP7tOaXIdfSAXSXF\nxX9yXyDdfvLdRSwTwHQEu+VLG3tmmrLbCeLALlbSDKiQbZwa5yNIJ+Wvq0sfbqsW\nmnEPSfCTak37IpjE7eNCAnn6h5Npn+BX/gJv6NjCgepbxvzw0nyX8C1XC+pw6Gno\nJK3y9JkCgYEA+UJ2oG0CVDvMLsq++u+LnV52S4B3to2+FK0MCCuaHe55qNIFNFiz\n4Aae5nCS8YYhGNJ5VOJB75jbSfTP8YD9/ebGjjtO6JwMCaqoTdSCesBOE3PJxxzY\nR+OldsxKa0QBQfjQOgBV5WcyfH95f/BHyDYUaaInysyyyvhSwMv5As8CgYEA90kn\nfwKax/HS+weOWKgvx0CzWxX8dy2/15VtszDIH8WaxxRmhhtchuk0mqf8DN38FxSR\n3/T/nRj9EAh2dRfWUxt5fzM3fYlxEUGfHzshuHHgDqSlHwD+tqkrI+I9Jp0SVb5F\ni6/OCP76gRizXURuoeewA+Jo7n8anLyUvEnynx0CgYEAlN7TRwGUUIbeblv9MJZ9\nhmHyuSljVo7VpjesZfzUsWfLFb9KCHeqBvUtVmiJ+uKnRdH/UWlJBDcBUex7fbwS\n9uAsWqqleFwq/GMG3mU8AOB2QTv4mYlqy5T1MDzXfbVCIwreIqYspzS5fI4OHRF/\nbd6O1oBYz9DuQDeMBUZN1RUCgYBn6xkq+dg70DcegSVjwoIZlOoKjCnFl7c4DLbG\nB+kB2RPbN4qCLvtqQpR1rcRxT9RBisZmvFmzFi46z6OgP300/aXIO6jFG74lR1Ns\nV3grP8etv6kYZ12jO2JCuS+Di5yJ5eTp9954z1ZMbCnsNvbbGTdR2pLILyfq2CEV\nI2pPTQKBgQDPyiLxwnjUjGQa+pKRcuXTrxK02Z0HMYsDRp+4AeJxKi0BiRaxad30\nFBwQrq5aW13FAbPu5IxhK7bTLun2kG5yPAvbP+ON+7L4yfnM44RxAUXhHXIaYwD2\nGYE9dD2TtAKum6ECTtD/xs9c0L+mOr3my6/s8sxs4wQhdQGjHUvl2g==\n-----END RSA PRIVATE KEY-----\n",
            "public_key_fingerprint_md5": "f8:41:ab:c5:78:80:03:96:c3:19:64:46:f1:e7:ef:61",
            "public_key_fingerprint_sha256": "SHA256:+zP6F5MnowsWLwKra7LNxkO9/Yh8q3x0h0DRaFPrEpI",
            "public_key_openssh": "ssh-rsa AAAAB3NzaC1yc2EAAAADAQABAAABAQDwxlrdZ4DYt+KcL2NmDun/DYimDRfumHw1dTi1SvgXq1exb+0xni5K0uVba1l/UuA+p77dhFUTR3avrI9z1/Fj61PaqoaDG/vQZmXCfhVzqheu1yug7lN4FRl/8uJcVXY2by/H8Jf9ChSJPUU4y/rV8Bj5iaVZ96O/PUWUEobmKD3YnBE/IgY8No9SvbzuM/Z0MF5l22RSTeYG2Y0VTRuvOHbzfQ0m/jtks2urEcAQ/wYETpJcPqZiYU4e5w70PZ0wDLW0qfAJOlfMHRw3EBVtMmP3z1hbpAGNBx/iV1ORY7ocazgpbBF+8y3Zz1lKkUhpXfDAyDeoxGJzrbxyoeJz\n",
            "public_key_pem": "-----BEGIN PUBLIC KEY-----\nMIIBIjANBgkqhkiG9w0BAQEFAAOCAQ8AMIIBCgKCAQEA8MZa3WeA2LfinC9jZg7p\n/w2Ipg0X7ph8NXU4tUr4F6tXsW/tMZ4uStLlW2tZf1LgPqe+3YRVE0d2r6yPc9fx\nY+tT2qqGgxv70GZlwn4Vc6oXrtcroO5TeBUZf/LiXFV2Nm8vx/CX/QoUiT1FOMv6\n1fAY+YmlWfejvz1FlBKG5ig92JwRPyIGPDaPUr287jP2dDBeZdtkUk3mBtmNFU0b\nrzh2830NJv47ZLNrqxHAEP8GBE6SXD6mYmFOHucO9D2dMAy1tKnwCTpXzB0cNxAV\nbTJj989YW6QBjQcf4ldTkWO6HGs4KWwRfvMt2c9ZSpFIaV3wwMg3qMRic628cqHi\ncwIDAQAB\n-----END PUBLIC KEY-----\n",
            "rsa_bits": 2048
          },
          "sensitive_attributes": [],
          "private": "bnVsbA=="
        }
      ]
    }
  ]
}
